
Microsoft Visual Studio Solution File, Format Version 12.00
# Visual Studio 15
VisualStudioVersion = 15.0.28010.2036
MinimumVisualStudioVersion = 10.0.40219.1
Project("{FAE04EC0-301F-11D3-BF4B-00C04F79EFBC}") = "PaggingApp", "PaggingApp\PaggingApp.csproj", "{B8879D9F-A3A9-4E11-9911-6892B6D97A73}"
EndProject
Global
	GlobalSection(SolutionConfigurationPlatforms) = preSolution
		Debug|Any CPU = Debug|Any CPU
		Release|Any CPU = Release|Any CPU
	EndGlobalSection
	GlobalSection(ProjectConfigurationPlatforms) = postSolution
		{B8879D9F-A3A9-4E11-9911-6892B6D97A73}.Debug|Any CPU.ActiveCfg = Debug|Any CPU
		{B8879D9F-A3A9-4E11-9911-6892B6D97A73}.Debug|Any CPU.Build.0 = Debug|Any CPU
		{B8879D9F-A3A9-4E11-9911-6892B6D97A73}.Release|Any CPU.ActiveCfg = Release|Any CPU
		{B8879D9F-A3A9-4E11-9911-6892B6D97A73}.Release|Any CPU.Build.0 = Release|Any CPU
	EndGlobalSection
	GlobalSection(SolutionProperties) = preSolution
		HideSolutionNode = FALSE
	EndGlobalSection
	GlobalSection(ExtensibilityGlobals) = postSolution
		SolutionGuid = {39E1D432-E064-4131-BD86-B161A360161A}
	EndGlobalSection
EndGlobal
